
Microsoft Visual Studio Solution File, Format Version 12.00
# Visual Studio Version 17
VisualStudioVersion = 17.3.32825.248
MinimumVisualStudioVersion = 10.0.40219.1
Project("{FAE04EC0-301F-11D3-BF4B-00C04F79EFBC}") = "CalcOrGame", "CalcOrGame.csproj", "{6EB84905-88AA-442A-AAAF-55428E2F79B8}"
EndProject
Global
	GlobalSection(SolutionConfigurationPlatforms) = preSolution
		Debug|Any CPU = Debug|Any CPU
		Release|Any CPU = Release|Any CPU
	EndGlobalSection
	GlobalSection(ProjectConfigurationPlatforms) = postSolution
		{6EB84905-88AA-442A-AAAF-55428E2F79B8}.Debug|Any CPU.ActiveCfg = Debug|Any CPU
		{6EB84905-88AA-442A-AAAF-55428E2F79B8}.Debug|Any CPU.Build.0 = Debug|Any CPU
		{6EB84905-88AA-442A-AAAF-55428E2F79B8}.Release|Any CPU.ActiveCfg = Release|Any CPU
		{6EB84905-88AA-442A-AAAF-55428E2F79B8}.Release|Any CPU.Build.0 = Release|Any CPU
	EndGlobalSection
	GlobalSection(SolutionProperties) = preSolution
		HideSolutionNode = FALSE
	EndGlobalSection
	GlobalSection(ExtensibilityGlobals) = postSolution
		SolutionGuid = {591FD1B0-7A68-44B4-991B-0ABAA970A059}
	EndGlobalSection
EndGlobal
